
Microsoft Visual Studio Solution File, Format Version 12.00
# Visual Studio 15
VisualStudioVersion = 15.0.28307.539
MinimumVisualStudioVersion = 10.0.40219.1
Project("{FAE04EC0-301F-11D3-BF4B-00C04F79EFBC}") = "FilmCalc", "MingoPackaging\FilmCalc.csproj", "{5874B404-6F17-43C4-99BA-D82732704B16}"
EndProject
Global
	GlobalSection(SolutionConfigurationPlatforms) = preSolution
		Debug|Any CPU = Debug|Any CPU
		Release|Any CPU = Release|Any CPU
	EndGlobalSection
	GlobalSection(ProjectConfigurationPlatforms) = postSolution
		{5874B404-6F17-43C4-99BA-D82732704B16}.Debug|Any CPU.ActiveCfg = Release|Any CPU
		{5874B404-6F17-43C4-99BA-D82732704B16}.Debug|Any CPU.Build.0 = Release|Any CPU
		{5874B404-6F17-43C4-99BA-D82732704B16}.Debug|Any CPU.Deploy.0 = Release|Any CPU
		{5874B404-6F17-43C4-99BA-D82732704B16}.Release|Any CPU.ActiveCfg = Release|Any CPU
		{5874B404-6F17-43C4-99BA-D82732704B16}.Release|Any CPU.Build.0 = Release|Any CPU
	EndGlobalSection
	GlobalSection(SolutionProperties) = preSolution
		HideSolutionNode = FALSE
	EndGlobalSection
	GlobalSection(ExtensibilityGlobals) = postSolution
		SolutionGuid = {1F2F6388-20AA-4F2C-B0D7-C09980CBD0AB}
	EndGlobalSection
EndGlobal
